
Microsoft Visual Studio Solution File, Format Version 12.00
# Visual Studio Version 17
VisualStudioVersion = 17.4.33110.190
MinimumVisualStudioVersion = 10.0.40219.1
Project("{FAE04EC0-301F-11D3-BF4B-00C04F79EFBC}") = "SecurityProject", "SecurityProject\SecurityProject.csproj", "{5622AD55-DE8F-4C0E-90A9-CE8826A22083}"
EndProject
Global
	GlobalSection(SolutionConfigurationPlatforms) = preSolution
		Debug|Any CPU = Debug|Any CPU
		Release|Any CPU = Release|Any CPU
	EndGlobalSection
	GlobalSection(ProjectConfigurationPlatforms) = postSolution
		{5622AD55-DE8F-4C0E-90A9-CE8826A22083}.Debug|Any CPU.ActiveCfg = Debug|Any CPU
		{5622AD55-DE8F-4C0E-90A9-CE8826A22083}.Debug|Any CPU.Build.0 = Debug|Any CPU
		{5622AD55-DE8F-4C0E-90A9-CE8826A22083}.Release|Any CPU.ActiveCfg = Release|Any CPU
		{5622AD55-DE8F-4C0E-90A9-CE8826A22083}.Release|Any CPU.Build.0 = Release|Any CPU
	EndGlobalSection
	GlobalSection(SolutionProperties) = preSolution
		HideSolutionNode = FALSE
	EndGlobalSection
	GlobalSection(ExtensibilityGlobals) = postSolution
		SolutionGuid = {37EFBCAC-13D1-4FE7-ACFB-F3FAB736309F}
	EndGlobalSection
EndGlobal
